
Microsoft Visual Studio Solution File, Format Version 12.00
# Visual Studio Version 17
VisualStudioVersion = 17.12.35527.113 d17.12
MinimumVisualStudioVersion = 10.0.40219.1
Project("{2150E333-8FDC-42A3-9474-1A3956D46DE8}") = "01-Presentacion", "01-Presentacion", "{F6FB9E30-8877-48A4-8546-F8D4A6257030}"
EndProject
Project("{2150E333-8FDC-42A3-9474-1A3956D46DE8}") = "02-Core", "02-Core", "{6D1E126E-3EA7-483C-AB13-C73700D12A71}"
EndProject
Project("{2150E333-8FDC-42A3-9474-1A3956D46DE8}") = "03-Infrastructure", "03-Infrastructure", "{92C9B2F2-EAE5-4F70-8C96-EC1D3FF0DE0A}"
EndProject
Project("{FAE04EC0-301F-11D3-BF4B-00C04F79EFBC}") = "Domain", "Api\Domain\Domain.csproj", "{D0F45D5A-C022-433D-8871-8C6E094C6973}"
EndProject
Project("{FAE04EC0-301F-11D3-BF4B-00C04F79EFBC}") = "Application", "Application\Application.csproj", "{3F824483-1D10-43E8-A385-891D5A1FF6CA}"
	ProjectSection(ProjectDependencies) = postProject
		{D0F45D5A-C022-433D-8871-8C6E094C6973} = {D0F45D5A-C022-433D-8871-8C6E094C6973}
	EndProjectSection
EndProject
Project("{FAE04EC0-301F-11D3-BF4B-00C04F79EFBC}") = "Infrastructure", "Infrastructure\Infrastructure.csproj", "{E97102B4-139A-4352-8C46-11BF4F5D7580}"
	ProjectSection(ProjectDependencies) = postProject
		{3F824483-1D10-43E8-A385-891D5A1FF6CA} = {3F824483-1D10-43E8-A385-891D5A1FF6CA}
		{D0F45D5A-C022-433D-8871-8C6E094C6973} = {D0F45D5A-C022-433D-8871-8C6E094C6973}
	EndProjectSection
EndProject
Project("{FAE04EC0-301F-11D3-BF4B-00C04F79EFBC}") = "WebApi", "WebApi\WebApi.csproj", "{191324BA-6AEC-4DCF-B494-1D7B925E7F93}"
EndProject
Global
	GlobalSection(SolutionConfigurationPlatforms) = preSolution
		Debug|Any CPU = Debug|Any CPU
		Release|Any CPU = Release|Any CPU
	EndGlobalSection
	GlobalSection(ProjectConfigurationPlatforms) = postSolution
		{D0F45D5A-C022-433D-8871-8C6E094C6973}.Debug|Any CPU.ActiveCfg = Debug|Any CPU
		{D0F45D5A-C022-433D-8871-8C6E094C6973}.Debug|Any CPU.Build.0 = Debug|Any CPU
		{D0F45D5A-C022-433D-8871-8C6E094C6973}.Release|Any CPU.ActiveCfg = Release|Any CPU
		{D0F45D5A-C022-433D-8871-8C6E094C6973}.Release|Any CPU.Build.0 = Release|Any CPU
		{3F824483-1D10-43E8-A385-891D5A1FF6CA}.Debug|Any CPU.ActiveCfg = Debug|Any CPU
		{3F824483-1D10-43E8-A385-891D5A1FF6CA}.Debug|Any CPU.Build.0 = Debug|Any CPU
		{3F824483-1D10-43E8-A385-891D5A1FF6CA}.Release|Any CPU.ActiveCfg = Release|Any CPU
		{3F824483-1D10-43E8-A385-891D5A1FF6CA}.Release|Any CPU.Build.0 = Release|Any CPU
		{E97102B4-139A-4352-8C46-11BF4F5D7580}.Debug|Any CPU.ActiveCfg = Debug|Any CPU
		{E97102B4-139A-4352-8C46-11BF4F5D7580}.Debug|Any CPU.Build.0 = Debug|Any CPU
		{E97102B4-139A-4352-8C46-11BF4F5D7580}.Release|Any CPU.ActiveCfg = Release|Any CPU
		{E97102B4-139A-4352-8C46-11BF4F5D7580}.Release|Any CPU.Build.0 = Release|Any CPU
		{191324BA-6AEC-4DCF-B494-1D7B925E7F93}.Debug|Any CPU.ActiveCfg = Debug|Any CPU
		{191324BA-6AEC-4DCF-B494-1D7B925E7F93}.Debug|Any CPU.Build.0 = Debug|Any CPU
		{191324BA-6AEC-4DCF-B494-1D7B925E7F93}.Release|Any CPU.ActiveCfg = Release|Any CPU
		{191324BA-6AEC-4DCF-B494-1D7B925E7F93}.Release|Any CPU.Build.0 = Release|Any CPU
	EndGlobalSection
	GlobalSection(SolutionProperties) = preSolution
		HideSolutionNode = FALSE
	EndGlobalSection
	GlobalSection(NestedProjects) = preSolution
		{D0F45D5A-C022-433D-8871-8C6E094C6973} = {6D1E126E-3EA7-483C-AB13-C73700D12A71}
		{3F824483-1D10-43E8-A385-891D5A1FF6CA} = {6D1E126E-3EA7-483C-AB13-C73700D12A71}
		{E97102B4-139A-4352-8C46-11BF4F5D7580} = {92C9B2F2-EAE5-4F70-8C96-EC1D3FF0DE0A}
		{191324BA-6AEC-4DCF-B494-1D7B925E7F93} = {F6FB9E30-8877-48A4-8546-F8D4A6257030}
	EndGlobalSection
EndGlobal
